PODS:
  - Flutter (1.0.0)
  - flutter_zoloz (0.0.1):
    - Flutter
    - zolozkit
  - integration_test (0.0.1):
    - Flutter
  - zolozkit (1.0.0.200117164959)

DEPENDENCIES:
  - Flutter (from `Flutter`)
  - flutter_zoloz (from `.symlinks/plugins/flutter_zoloz/ios`)
  - integration_test (from `.symlinks/plugins/integration_test/ios`)

SPEC REPOS:
  https://github.com/CocoaPods/Specs.git:
    - zolozkit

EXTERNAL SOURCES:
  Flutter:
    :path: Flutter
  flutter_zoloz:
    :path: ".symlinks/plugins/flutter_zoloz/ios"
  integration_test:
    :path: ".symlinks/plugins/integration_test/ios"

SPEC CHECKSUMS:
  Flutter: 434fef37c0980e73bb6479ef766c45957d4b510c
  flutter_zoloz: 03febfa4f2f73f869608b9dcb1fd83ae1d4454b7
  integration_test: 6eb66a19f7104200dcfdd62bc0077e1b09686e4f
  zolozkit: 7e92ea000080533ac325377e73e66ce52f8052d3

PODFILE CHECKSUM: c8d0ff0b3add876c2bfa10455fa4d84871ebc935

COCOAPODS: 1.10.1
